Microsoft Visual Studio Solution File, Format Version 12.00
# Visual Studio Version 17
VisualStudioVersion = 17.0.31903.59
MinimumVisualStudioVersion = 10.0.40219.1

Project("{2150E333-8FDC-42A3-9474-1A3956D46DE8}") = "src", "src", "{8E2F92D2-72F1-4F3E-9B7A-8C9E5F6D4A3B}"
EndProject

Project("{2150E333-8FDC-42A3-9474-1A3956D46DE8}") = "BuildingBlocks", "BuildingBlocks", "{1A2B3C4D-5E6F-7A8B-9C0D-1E2F3A4B5C6D}"
EndProject

Project("{FAE04EC0-301F-11D3-BF4B-00C04F79EFBC}") = "MAPP.BuildingBlocks.Domain", "src\BuildingBlocks\MAPP.BuildingBlocks.Domain\MAPP.BuildingBlocks.Domain.csproj", "{A1B2C3D4-E5F6-7A8B-9C0D-1E2F3A4B5C6D}"
EndProject

Project("{FAE04EC0-301F-11D3-BF4B-00C04F79EFBC}") = "MAPP.BuildingBlocks.Application", "src\BuildingBlocks\MAPP.BuildingBlocks.Application\MAPP.BuildingBlocks.Application.csproj", "{B2C3D4E5-F6A7-8B9C-0D1E-2F3A4B5C6D7E}"
EndProject

Project("{FAE04EC0-301F-11D3-BF4B-00C04F79EFBC}") = "MAPP.BuildingBlocks.Infrastructure", "src\BuildingBlocks\MAPP.BuildingBlocks.Infrastructure\MAPP.BuildingBlocks.Infrastructure.csproj", "{C3D4E5F6-A7B8-9C0D-1E2F-3A4B5C6D7E8F}"
EndProject

Project("{FAE04EC0-301F-11D3-BF4B-00C04F79EFBC}") = "MAPP.BuildingBlocks.Web", "src\BuildingBlocks\MAPP.BuildingBlocks.Web\MAPP.BuildingBlocks.Web.csproj", "{D4E5F6A7-B8C9-0D1E-2F3A-4B5C6D7E8F9A}"
EndProject

Project("{2150E333-8FDC-42A3-9474-1A3956D46DE8}") = "Modules", "Modules", "{2B3C4D5E-6F7A-8B9C-0D1E-2F3A4B5C6D7E}"
EndProject

Project("{2150E333-8FDC-42A3-9474-1A3956D46DE8}") = "Services", "Services", "{3C4D5E6F-7A8B-9C0D-1E2F-3A4B5C6D7E8F}"
EndProject

Project("{2150E333-8FDC-42A3-9474-1A3956D46DE8}") = "orchestration", "orchestration", "{4D5E6F7A-8B9C-0D1E-2F3A-4B5C6D7E8F9A}"
EndProject

Project("{FAE04EC0-301F-11D3-BF4B-00C04F79EFBC}") = "MAPP.ServiceDefaults", "orchestration\MAPP.ServiceDefaults\MAPP.ServiceDefaults.csproj", "{E5F6A7B8-C9D0-1E2F-3A4B-5C6D7E8F9A0B}"
EndProject

Project("{FAE04EC0-301F-11D3-BF4B-00C04F79EFBC}") = "MAPP.AppHost", "orchestration\MAPP.AppHost\MAPP.AppHost.csproj", "{F6A7B8C9-D0E1-2F3A-4B5C-6D7E8F9A0B1C}"
EndProject

Project("{FAE04EC0-301F-11D3-BF4B-00C04F79EFBC}") = "MAPP.Planning.AppHost", "orchestration\MAPP.Planning.AppHost\MAPP.Planning.AppHost.csproj", "{A7B8C9D0-E1F2-3A4B-5C6D-7E8F9A0B1C2D}"
EndProject

Project("{2150E333-8FDC-42A3-9474-1A3956D46DE8}") = "Planning", "Planning", "{B8C9D0E1-F2A3-4B5C-6D7E-8F9A0B1C2D3E}"
EndProject

Project("{FAE04EC0-301F-11D3-BF4B-00C04F79EFBC}") = "MAPP.Modules.Planning.Domain", "src\Modules\Planning\MAPP.Modules.Planning.Domain\MAPP.Modules.Planning.Domain.csproj", "{C9D0E1F2-A3B4-5C6D-7E8F-9A0B1C2D3E4F}"
EndProject

Project("{FAE04EC0-301F-11D3-BF4B-00C04F79EFBC}") = "MAPP.Modules.Planning.Application", "src\Modules\Planning\MAPP.Modules.Planning.Application\MAPP.Modules.Planning.Application.csproj", "{D0E1F2A3-B4C5-6D7E-8F9A-0B1C2D3E4F5A}"
EndProject

Project("{FAE04EC0-301F-11D3-BF4B-00C04F79EFBC}") = "MAPP.Modules.Planning.Infrastructure", "src\Modules\Planning\MAPP.Modules.Planning.Infrastructure\MAPP.Modules.Planning.Infrastructure.csproj", "{E1F2A3B4-C5D6-7E8F-9A0B-1C2D3E4F5A6B}"
EndProject

Project("{FAE04EC0-301F-11D3-BF4B-00C04F79EFBC}") = "MAPP.Services.Planning", "src\Services\MAPP.Services.Planning\MAPP.Services.Planning.csproj", "{F2A3B4C5-D6E7-8F9A-0B1C-2D3E4F5A6B7C}"
EndProject

Project("{FAE04EC0-301F-11D3-BF4B-00C04F79EFBC}") = "MAPP.Services.Observations", "src\Services\MAPP.Services.Observations\MAPP.Services.Observations.csproj", "{A3B4C5D6-E7F8-9A0B-1C2D-3E4F5A6B7C8D}"
EndProject

Project("{FAE04EC0-301F-11D3-BF4B-00C04F79EFBC}") = "MAPP.Services.UserManagement", "src\Services\MAPP.Services.UserManagement\MAPP.Services.UserManagement.csproj", "{B4C5D6E7-F8A9-0B1C-2D3E-4F5A6B7C8D9E}"
EndProject

Project("{FAE04EC0-301F-11D3-BF4B-00C04F79EFBC}") = "MAPP.Services.Reports", "src\Services\MAPP.Services.Reports\MAPP.Services.Reports.csproj", "{C5D6E7F8-A9B0-1C2D-3E4F-5A6B7C8D9E0F}"
EndProject

Project("{2150E333-8FDC-42A3-9474-1A3956D46DE8}") = "tests", "tests", "{5E6F7A8B-9C0D-1E2F-3A4B-5C6D7E8F9A0B}"
EndProject

Project("{2150E333-8FDC-42A3-9474-1A3956D46DE8}") = "Solution Items", "Solution Items", "{6F7A8B9C-0D1E-2F3A-4B5C-6D7E8F9A0B1C}"
	ProjectSection(SolutionItems) = preProject
		global.json = global.json
		Directory.Build.props = Directory.Build.props
		Directory.Packages.props = Directory.Packages.props
		README.md = README.md
		.gitignore = .gitignore
	EndProjectSection
EndProject

Global
	GlobalSection(SolutionConfigurationPlatforms) = preSolution
		Debug|Any CPU = Debug|Any CPU
		Release|Any CPU = Release|Any CPU
	EndGlobalSection
	GlobalSection(ProjectConfigurationPlatforms) = postSolution
		{A1B2C3D4-E5F6-7A8B-9C0D-1E2F3A4B5C6D}.Debug|Any CPU.ActiveCfg = Debug|Any CPU
		{A1B2C3D4-E5F6-7A8B-9C0D-1E2F3A4B5C6D}.Debug|Any CPU.Build.0 = Debug|Any CPU
		{A1B2C3D4-E5F6-7A8B-9C0D-1E2F3A4B5C6D}.Release|Any CPU.ActiveCfg = Release|Any CPU
		{A1B2C3D4-E5F6-7A8B-9C0D-1E2F3A4B5C6D}.Release|Any CPU.Build.0 = Release|Any CPU
		{B2C3D4E5-F6A7-8B9C-0D1E-2F3A4B5C6D7E}.Debug|Any CPU.ActiveCfg = Debug|Any CPU
		{B2C3D4E5-F6A7-8B9C-0D1E-2F3A4B5C6D7E}.Debug|Any CPU.Build.0 = Debug|Any CPU
		{B2C3D4E5-F6A7-8B9C-0D1E-2F3A4B5C6D7E}.Release|Any CPU.ActiveCfg = Release|Any CPU
		{B2C3D4E5-F6A7-8B9C-0D1E-2F3A4B5C6D7E}.Release|Any CPU.Build.0 = Release|Any CPU
		{C3D4E5F6-A7B8-9C0D-1E2F-3A4B5C6D7E8F}.Debug|Any CPU.ActiveCfg = Debug|Any CPU
		{C3D4E5F6-A7B8-9C0D-1E2F-3A4B5C6D7E8F}.Debug|Any CPU.Build.0 = Debug|Any CPU
		{C3D4E5F6-A7B8-9C0D-1E2F-3A4B5C6D7E8F}.Release|Any CPU.ActiveCfg = Release|Any CPU
		{C3D4E5F6-A7B8-9C0D-1E2F-3A4B5C6D7E8F}.Release|Any CPU.Build.0 = Release|Any CPU
		{D4E5F6A7-B8C9-0D1E-2F3A-4B5C6D7E8F9A}.Debug|Any CPU.ActiveCfg = Debug|Any CPU
		{D4E5F6A7-B8C9-0D1E-2F3A-4B5C6D7E8F9A}.Debug|Any CPU.Build.0 = Debug|Any CPU
		{D4E5F6A7-B8C9-0D1E-2F3A-4B5C6D7E8F9A}.Release|Any CPU.ActiveCfg = Release|Any CPU
		{D4E5F6A7-B8C9-0D1E-2F3A-4B5C6D7E8F9A}.Release|Any CPU.Build.0 = Release|Any CPU
		{E5F6A7B8-C9D0-1E2F-3A4B-5C6D7E8F9A0B}.Debug|Any CPU.ActiveCfg = Debug|Any CPU
		{E5F6A7B8-C9D0-1E2F-3A4B-5C6D7E8F9A0B}.Debug|Any CPU.Build.0 = Debug|Any CPU
		{E5F6A7B8-C9D0-1E2F-3A4B-5C6D7E8F9A0B}.Release|Any CPU.ActiveCfg = Release|Any CPU
		{E5F6A7B8-C9D0-1E2F-3A4B-5C6D7E8F9A0B}.Release|Any CPU.Build.0 = Release|Any CPU
		{F6A7B8C9-D0E1-2F3A-4B5C-6D7E8F9A0B1C}.Debug|Any CPU.ActiveCfg = Debug|Any CPU
		{F6A7B8C9-D0E1-2F3A-4B5C-6D7E8F9A0B1C}.Debug|Any CPU.Build.0 = Debug|Any CPU
		{F6A7B8C9-D0E1-2F3A-4B5C-6D7E8F9A0B1C}.Release|Any CPU.ActiveCfg = Release|Any CPU
		{F6A7B8C9-D0E1-2F3A-4B5C-6D7E8F9A0B1C}.Release|Any CPU.Build.0 = Release|Any CPU
		{A7B8C9D0-E1F2-3A4B-5C6D-7E8F9A0B1C2D}.Debug|Any CPU.ActiveCfg = Debug|Any CPU
		{A7B8C9D0-E1F2-3A4B-5C6D-7E8F9A0B1C2D}.Debug|Any CPU.Build.0 = Debug|Any CPU
		{A7B8C9D0-E1F2-3A4B-5C6D-7E8F9A0B1C2D}.Release|Any CPU.ActiveCfg = Release|Any CPU
		{A7B8C9D0-E1F2-3A4B-5C6D-7E8F9A0B1C2D}.Release|Any CPU.Build.0 = Release|Any CPU
		{C9D0E1F2-A3B4-5C6D-7E8F-9A0B1C2D3E4F}.Debug|Any CPU.ActiveCfg = Debug|Any CPU
		{C9D0E1F2-A3B4-5C6D-7E8F-9A0B1C2D3E4F}.Debug|Any CPU.Build.0 = Debug|Any CPU
		{C9D0E1F2-A3B4-5C6D-7E8F-9A0B1C2D3E4F}.Release|Any CPU.ActiveCfg = Release|Any CPU
		{C9D0E1F2-A3B4-5C6D-7E8F-9A0B1C2D3E4F}.Release|Any CPU.Build.0 = Release|Any CPU
		{D0E1F2A3-B4C5-6D7E-8F9A-0B1C2D3E4F5A}.Debug|Any CPU.ActiveCfg = Debug|Any CPU
		{D0E1F2A3-B4C5-6D7E-8F9A-0B1C2D3E4F5A}.Debug|Any CPU.Build.0 = Debug|Any CPU
		{D0E1F2A3-B4C5-6D7E-8F9A-0B1C2D3E4F5A}.Release|Any CPU.ActiveCfg = Release|Any CPU
		{D0E1F2A3-B4C5-6D7E-8F9A-0B1C2D3E4F5A}.Release|Any CPU.Build.0 = Release|Any CPU
		{E1F2A3B4-C5D6-7E8F-9A0B-1C2D3E4F5A6B}.Debug|Any CPU.ActiveCfg = Debug|Any CPU
		{E1F2A3B4-C5D6-7E8F-9A0B-1C2D3E4F5A6B}.Debug|Any CPU.Build.0 = Debug|Any CPU
		{E1F2A3B4-C5D6-7E8F-9A0B-1C2D3E4F5A6B}.Release|Any CPU.ActiveCfg = Release|Any CPU
		{E1F2A3B4-C5D6-7E8F-9A0B-1C2D3E4F5A6B}.Release|Any CPU.Build.0 = Release|Any CPU
		{F2A3B4C5-D6E7-8F9A-0B1C-2D3E4F5A6B7C}.Debug|Any CPU.ActiveCfg = Debug|Any CPU
		{F2A3B4C5-D6E7-8F9A-0B1C-2D3E4F5A6B7C}.Debug|Any CPU.Build.0 = Debug|Any CPU
		{F2A3B4C5-D6E7-8F9A-0B1C-2D3E4F5A6B7C}.Release|Any CPU.ActiveCfg = Release|Any CPU
		{F2A3B4C5-D6E7-8F9A-0B1C-2D3E4F5A6B7C}.Release|Any CPU.Build.0 = Release|Any CPU
		{A3B4C5D6-E7F8-9A0B-1C2D-3E4F5A6B7C8D}.Debug|Any CPU.ActiveCfg = Debug|Any CPU
		{A3B4C5D6-E7F8-9A0B-1C2D-3E4F5A6B7C8D}.Debug|Any CPU.Build.0 = Debug|Any CPU
		{A3B4C5D6-E7F8-9A0B-1C2D-3E4F5A6B7C8D}.Release|Any CPU.ActiveCfg = Release|Any CPU
		{A3B4C5D6-E7F8-9A0B-1C2D-3E4F5A6B7C8D}.Release|Any CPU.Build.0 = Release|Any CPU
		{B4C5D6E7-F8A9-0B1C-2D3E-4F5A6B7C8D9E}.Debug|Any CPU.ActiveCfg = Debug|Any CPU
		{B4C5D6E7-F8A9-0B1C-2D3E-4F5A6B7C8D9E}.Debug|Any CPU.Build.0 = Debug|Any CPU
		{B4C5D6E7-F8A9-0B1C-2D3E-4F5A6B7C8D9E}.Release|Any CPU.ActiveCfg = Release|Any CPU
		{B4C5D6E7-F8A9-0B1C-2D3E-4F5A6B7C8D9E}.Release|Any CPU.Build.0 = Release|Any CPU
		{C5D6E7F8-A9B0-1C2D-3E4F-5A6B7C8D9E0F}.Debug|Any CPU.ActiveCfg = Debug|Any CPU
		{C5D6E7F8-A9B0-1C2D-3E4F-5A6B7C8D9E0F}.Debug|Any CPU.Build.0 = Debug|Any CPU
		{C5D6E7F8-A9B0-1C2D-3E4F-5A6B7C8D9E0F}.Release|Any CPU.ActiveCfg = Release|Any CPU
		{C5D6E7F8-A9B0-1C2D-3E4F-5A6B7C8D9E0F}.Release|Any CPU.Build.0 = Release|Any CPU
	EndGlobalSection
	GlobalSection(NestedProjects) = preSolution
		{1A2B3C4D-5E6F-7A8B-9C0D-1E2F3A4B5C6D} = {8E2F92D2-72F1-4F3E-9B7A-8C9E5F6D4A3B}
		{A1B2C3D4-E5F6-7A8B-9C0D-1E2F3A4B5C6D} = {1A2B3C4D-5E6F-7A8B-9C0D-1E2F3A4B5C6D}
		{B2C3D4E5-F6A7-8B9C-0D1E-2F3A4B5C6D7E} = {1A2B3C4D-5E6F-7A8B-9C0D-1E2F3A4B5C6D}
		{C3D4E5F6-A7B8-9C0D-1E2F-3A4B5C6D7E8F} = {1A2B3C4D-5E6F-7A8B-9C0D-1E2F3A4B5C6D}
		{D4E5F6A7-B8C9-0D1E-2F3A-4B5C6D7E8F9A} = {1A2B3C4D-5E6F-7A8B-9C0D-1E2F3A4B5C6D}
		{2B3C4D5E-6F7A-8B9C-0D1E-2F3A4B5C6D7E} = {8E2F92D2-72F1-4F3E-9B7A-8C9E5F6D4A3B}
		{3C4D5E6F-7A8B-9C0D-1E2F-3A4B5C6D7E8F} = {8E2F92D2-72F1-4F3E-9B7A-8C9E5F6D4A3B}
		{E5F6A7B8-C9D0-1E2F-3A4B-5C6D7E8F9A0B} = {4D5E6F7A-8B9C-0D1E-2F3A-4B5C6D7E8F9A}
		{F6A7B8C9-D0E1-2F3A-4B5C-6D7E8F9A0B1C} = {4D5E6F7A-8B9C-0D1E-2F3A-4B5C6D7E8F9A}
		{A7B8C9D0-E1F2-3A4B-5C6D-7E8F9A0B1C2D} = {4D5E6F7A-8B9C-0D1E-2F3A-4B5C6D7E8F9A}
		{B8C9D0E1-F2A3-4B5C-6D7E-8F9A0B1C2D3E} = {2B3C4D5E-6F7A-8B9C-0D1E-2F3A4B5C6D7E}
		{C9D0E1F2-A3B4-5C6D-7E8F-9A0B1C2D3E4F} = {B8C9D0E1-F2A3-4B5C-6D7E-8F9A0B1C2D3E}
		{D0E1F2A3-B4C5-6D7E-8F9A-0B1C2D3E4F5A} = {B8C9D0E1-F2A3-4B5C-6D7E-8F9A0B1C2D3E}
		{E1F2A3B4-C5D6-7E8F-9A0B-1C2D3E4F5A6B} = {B8C9D0E1-F2A3-4B5C-6D7E-8F9A0B1C2D3E}
		{F2A3B4C5-D6E7-8F9A-0B1C-2D3E4F5A6B7C} = {3C4D5E6F-7A8B-9C0D-1E2F-3A4B5C6D7E8F}
		{A3B4C5D6-E7F8-9A0B-1C2D-3E4F5A6B7C8D} = {3C4D5E6F-7A8B-9C0D-1E2F-3A4B5C6D7E8F}
		{B4C5D6E7-F8A9-0B1C-2D3E-4F5A6B7C8D9E} = {3C4D5E6F-7A8B-9C0D-1E2F-3A4B5C6D7E8F}
		{C5D6E7F8-A9B0-1C2D-3E4F-5A6B7C8D9E0F} = {3C4D5E6F-7A8B-9C0D-1E2F-3A4B5C6D7E8F}
	EndGlobalSection
EndGlobal
